{
  "lockfileVersion": 1,
  "configVersion": 1,
  "workspaces": {
    "": {
      "name": "@openpalm/guardian",
      "dependencies": {
        "@opencode-ai/sdk": "latest",
      },
    },
  },
  "packages": {
    "@opencode-ai/sdk": ["@opencode-ai/sdk@1.2.14", "", {}, "sha512-nPkWAmzgPJYyfCJAV4NG7HTfN/iuO3B6fv8sT26NhPiR+EqD9i8sh4X1LwI7wEbbMOwWOX1PhrssW6gXQOOQZQ=="],
  }
}
